// !$*UTF8*$!
{
	archiveVersion = 1;
	classes = {
	};
	objectVersion = 50;
	objects = {

/* Begin PBXBuildFile section */
		40CA935E262A9B3E00015E44 /* main.cpp in Sources */ = {isa = PBXBuildFile; fileRef = 40CA935D262A9B3E00015E44 /* main.cpp */; };
		40CA936A262A9EF700015E44 /* fssimplewindowobjc.m in Sources */ = {isa = PBXBuildFile; fileRef = 40CA9368262A9EF700015E44 /* fssimplewindowobjc.m */; };
		40CA936B262A9EF700015E44 /* fssimplewindowcpp.cpp in Sources */ = {isa = PBXBuildFile; fileRef = 40CA9369262A9EF700015E44 /* fssimplewindowcpp.cpp */; };
/* End PBXBuildFile section */

/* Begin PBXCopyFilesBuildPhase section */
		40CA9358262A9B3E00015E44 /* CopyFiles */ = {
			isa = PBXCopyFilesBuildPhase;
			buildActionMask = 2147483647;
			dstPath = /usr/share/man/man1/;
			dstSubfolderSpec = 0;
			files = (
			);
			runOnlyForDeploymentPostprocessing = 1;
		};
/* End PBXCopyFilesBuildPhase section */

/* Begin PBXFileReference section */
		40CA935A262A9B3E00015E44 /* 24783_mesh */ = {isa = PBXFileReference; explicitFileType = "compiled.mach-o.executable"; includeInIndex = 0; path = 24783_mesh; sourceTree = BUILT_PRODUCTS_DIR; };
		40CA935D262A9B3E00015E44 /* main.cpp */ = {isa = PBXFileReference; lastKnownFileType = sourcecode.cpp.cpp; path = main.cpp; sourceTree = "<group>"; };
		40CA9367262A9EF700015E44 /* fssimplewindow.h */ = {isa = PBXFileReference; fileEncoding = 4; lastKnownFileType = sourcecode.c.h; name = fssimplewindow.h; path = ../../graphics/macosx/fssimplewindow.h; sourceTree = "<group>"; };
		40CA9368262A9EF700015E44 /* fssimplewindowobjc.m */ = {isa = PBXFileReference; fileEncoding = 4; lastKnownFileType = sourcecode.c.objc; name = fssimplewindowobjc.m; path = ../../graphics/macosx/fssimplewindowobjc.m; sourceTree = "<group>"; };
		40CA9369262A9EF700015E44 /* fssimplewindowcpp.cpp */ = {isa = PBXFileReference; fileEncoding = 4; lastKnownFileType = sourcecode.cpp.cpp; name = fssimplewindowcpp.cpp; path = ../../graphics/macosx/fssimplewindowcpp.cpp; sourceTree = "<group>"; };
		40CA936D262AAD9700015E44 /* m_30.000000_0.bdf */ = {isa = PBXFileReference; fileEncoding = 4; lastKnownFileType = text; name = m_30.000000_0.bdf; path = ../../m_30.000000_0.bdf; sourceTree = "<group>"; };
		40CA936F262AB0DD00015E44 /* mesh_test.txt */ = {isa = PBXFileReference; fileEncoding = 4; lastKnownFileType = text; name = mesh_test.txt; path = ../../mesh_test.txt; sourceTree = "<group>"; };
/* End PBXFileReference section */

/* Begin PBXFrameworksBuildPhase section */
		40CA9357262A9B3E00015E44 /* Frameworks */ = {
			isa = PBXFrameworksBuildPhase;
			buildActionMask = 2147483647;
			files = (
			);
			runOnlyForDeploymentPostprocessing = 0;
		};
/* End PBXFrameworksBuildPhase section */

/* Begin PBXGroup section */
		40CA9351262A9B3E00015E44 = {
			isa = PBXGroup;
			children = (
				40CA935C262A9B3E00015E44 /* 24783_mesh */,
				40CA935B262A9B3E00015E44 /* Products */,
			);
			sourceTree = "<group>";
		};
		40CA935B262A9B3E00015E44 /* Products */ = {
			isa = PBXGroup;
			children = (
				40CA935A262A9B3E00015E44 /* 24783_mesh */,
			);
			name = Products;
			sourceTree = "<group>";
		};
		40CA935C262A9B3E00015E44 /* 24783_mesh */ = {
			isa = PBXGroup;
			children = (
				40CA936F262AB0DD00015E44 /* mesh_test.txt */,
				40CA9367262A9EF700015E44 /* fssimplewindow.h */,
				40CA9369262A9EF700015E44 /* fssimplewindowcpp.cpp */,
				40CA935D262A9B3E00015E44 /* main.cpp */,
				40CA9368262A9EF700015E44 /* fssimplewindowobjc.m */,
				40CA936D262AAD9700015E44 /* m_30.000000_0.bdf */,
			);
			path = 24783_mesh;
			sourceTree = "<group>";
		};
/* End PBXGroup section */

/* Begin PBXNativeTarget section */
		40CA9359262A9B3E00015E44 /* 24783_mesh */ = {
			isa = PBXNativeTarget;
			buildConfigurationList = 40CA9361262A9B3E00015E44 /* Build configuration list for PBXNativeTarget "24783_mesh" */;
			buildPhases = (
				40CA9356262A9B3E00015E44 /* Sources */,
				40CA9357262A9B3E00015E44 /* Frameworks */,
				40CA9358262A9B3E00015E44 /* CopyFiles */,
			);
			buildRules = (
			);
			dependencies = (
			);
			name = 24783_mesh;
			productName = 24783_mesh;
			productReference = 40CA935A262A9B3E00015E44 /* 24783_mesh */;
			productType = "com.apple.product-type.tool";
		};
/* End PBXNativeTarget section */

/* Begin PBXProject section */
		40CA9352262A9B3E00015E44 /* Project object */ = {
			isa = PBXProject;
			attributes = {
				LastUpgradeCheck = 1200;
				TargetAttributes = {
					40CA9359262A9B3E00015E44 = {
						CreatedOnToolsVersion = 12.0.1;
					};
				};
			};
			buildConfigurationList = 40CA9355262A9B3E00015E44 /* Build configuration list for PBXProject "24783_mesh" */;
			compatibilityVersion = "Xcode 9.3";
			developmentRegion = en;
			hasScannedForEncodings = 0;
			knownRegions = (
				en,
				Base,
			);
			mainGroup = 40CA9351262A9B3E00015E44;
			productRefGroup = 40CA935B262A9B3E00015E44 /* Products */;
			projectDirPath = "";
			projectRoot = "";
			targets = (
				40CA9359262A9B3E00015E44 /* 24783_mesh */,
			);
		};
/* End PBXProject section */

/* Begin PBXSourcesBuildPhase section */
		40CA9356262A9B3E00015E44 /* Sources */ = {
			isa = PBXSourcesBuildPhase;
			buildActionMask = 2147483647;
			files = (
				40CA936B262A9EF700015E44 /* fssimplewindowcpp.cpp in Sources */,
				40CA936A262A9EF700015E44 /* fssimplewindowobjc.m in Sources */,
				40CA935E262A9B3E00015E44 /* main.cpp in Sources */,
			);
			runOnlyForDeploymentPostprocessing = 0;
		};
/* End PBXSourcesBuildPhase section */

/* Begin XCBuildConfiguration section */
		40CA935F262A9B3E00015E44 /* Debug */ = {
			isa = XCBuildConfiguration;
			buildSettings = {
				ALWAYS_SEARCH_USER_PATHS = NO;
				CLANG_ANALYZER_NONNULL = YES;
				CLANG_ANALYZER_NUMBER_OBJECT_CONVERSION = YES_AGGRESSIVE;
				CLANG_CXX_LANGUAGE_STANDARD = "gnu++14";
				CLANG_CXX_LIBRARY = "libc++";
				CLANG_ENABLE_MODULES = YES;
				CLANG_ENABLE_OBJC_ARC = YES;
				CLANG_ENABLE_OBJC_WEAK = YES;
				CLANG_WARN_BLOCK_CAPTURE_AUTORELEASING = YES;
				CLANG_WARN_BOOL_CONVERSION = YES;
				CLANG_WARN_COMMA = YES;
				CLANG_WARN_CONSTANT_CONVERSION = YES;
				CLANG_WARN_DEPRECATED_OBJC_IMPLEMENTATIONS = YES;
				CLANG_WARN_DIRECT_OBJC_ISA_USAGE = YES_ERROR;
				CLANG_WARN_DOCUMENTATION_COMMENTS = YES;
				CLANG_WARN_EMPTY_BODY = YES;
				CLANG_WARN_ENUM_CONVERSION = YES;
				CLANG_WARN_INFINITE_RECURSION = YES;
				CLANG_WARN_INT_CONVERSION = YES;
				CLANG_WARN_NON_LITERAL_NULL_CONVERSION = YES;
				CLANG_WARN_OBJC_IMPLICIT_RETAIN_SELF = YES;
				CLANG_WARN_OBJC_LITERAL_CONVERSION = YES;
				CLANG_WARN_OBJC_ROOT_CLASS = YES_ERROR;
				CLANG_WARN_QUOTED_INCLUDE_IN_FRAMEWORK_HEADER = YES;
				CLANG_WARN_RANGE_LOOP_ANALYSIS = YES;
				CLANG_WARN_STRICT_PROTOTYPES = YES;
				CLANG_WARN_SUSPICIOUS_MOVE = YES;
				CLANG_WARN_UNGUARDED_AVAILABILITY = YES_AGGRESSIVE;
				CLANG_WARN_UNREACHABLE_CODE = YES;
				CLANG_WARN__DUPLICATE_METHOD_MATCH = YES;
				COPY_PHASE_STRIP = NO;
				DEBUG_INFORMATION_FORMAT = dwarf;
				ENABLE_STRICT_OBJC_MSGSEND = YES;
				ENABLE_TESTABILITY = YES;
				GCC_C_LANGUAGE_STANDARD = gnu11;
				GCC_DYNAMIC_NO_PIC = NO;
				GCC_NO_COMMON_BLOCKS = YES;
				GCC_OPTIMIZATION_LEVEL = 0;
				GCC_PREPROCESSOR_DEFINITIONS = (
					"DEBUG=1",
					"$(inherited)",
				);
				GCC_WARN_64_TO_32_BIT_CONVERSION = YES;
				GCC_WARN_ABOUT_RETURN_TYPE = YES_ERROR;
				GCC_WARN_UNDECLARED_SELECTOR = YES;
				GCC_WARN_UNINITIALIZED_AUTOS = YES_AGGRESSIVE;
				GCC_WARN_UNUSED_FUNCTION = YES;
				GCC_WARN_UNUSED_VARIABLE = YES;
				MACOSX_DEPLOYMENT_TARGET = 10.15;
				MTL_ENABLE_DEBUG_INFO = INCLUDE_SOURCE;
				MTL_FAST_MATH = YES;
				ONLY_ACTIVE_ARCH = YES;
				SDKROOT = macosx;
			};
			name = Debug;
		};
		40CA9360262A9B3E00015E44 /* Release */ = {
			isa = XCBuildConfiguration;
			buildSettings = {
				ALWAYS_SEARCH_USER_PATHS = NO;
				CLANG_ANALYZER_NONNULL = YES;
				CLANG_ANALYZER_NUMBER_OBJECT_CONVERSION = YES_AGGRESSIVE;
				CLANG_CXX_LANGUAGE_STANDARD = "gnu++14";
				CLANG_CXX_LIBRARY = "libc++";
				CLANG_ENABLE_MODULES = YES;
				CLANG_ENABLE_OBJC_ARC = YES;
				CLANG_ENABLE_OBJC_WEAK = YES;
				CLANG_WARN_BLOCK_CAPTURE_AUTORELEASING = YES;
				CLANG_WARN_BOOL_CONVERSION = YES;
				CLANG_WARN_COMMA = YES;
				CLANG_WARN_CONSTANT_CONVERSION = YES;
				CLANG_WARN_DEPRECATED_OBJC_IMPLEMENTATIONS = YES;
				CLANG_WARN_DIRECT_OBJC_ISA_USAGE = YES_ERROR;
				CLANG_WARN_DOCUMENTATION_COMMENTS = YES;
				CLANG_WARN_EMPTY_BODY = YES;
				CLANG_WARN_ENUM_CONVERSION = YES;
				CLANG_WARN_INFINITE_RECURSION = YES;
				CLANG_WARN_INT_CONVERSION = YES;
				CLANG_WARN_NON_LITERAL_NULL_CONVERSION = YES;
				CLANG_WARN_OBJC_IMPLICIT_RETAIN_SELF = YES;
				CLANG_WARN_OBJC_LITERAL_CONVERSION = YES;
				CLANG_WARN_OBJC_ROOT_CLASS = YES_ERROR;
				CLANG_WARN_QUOTED_INCLUDE_IN_FRAMEWORK_HEADER = YES;
				CLANG_WARN_RANGE_LOOP_ANALYSIS = YES;
				CLANG_WARN_STRICT_PROTOTYPES = YES;
				CLANG_WARN_SUSPICIOUS_MOVE = YES;
				CLANG_WARN_UNGUARDED_AVAILABILITY = YES_AGGRESSIVE;
				CLANG_WARN_UNREACHABLE_CODE = YES;
				CLANG_WARN__DUPLICATE_METHOD_MATCH = YES;
				COPY_PHASE_STRIP = NO;
				DEBUG_INFORMATION_FORMAT = "dwarf-with-dsym";
				ENABLE_NS_ASSERTIONS = NO;
				ENABLE_STRICT_OBJC_MSGSEND = YES;
				GCC_C_LANGUAGE_STANDARD = gnu11;
				GCC_NO_COMMON_BLOCKS = YES;
				GCC_WARN_64_TO_32_BIT_CONVERSION = YES;
				GCC_WARN_ABOUT_RETURN_TYPE = YES_ERROR;
				GCC_WARN_UNDECLARED_SELECTOR = YES;
				GCC_WARN_UNINITIALIZED_AUTOS = YES_AGGRESSIVE;
				GCC_WARN_UNUSED_FUNCTION = YES;
				GCC_WARN_UNUSED_VARIABLE = YES;
				MACOSX_DEPLOYMENT_TARGET = 10.15;
				MTL_ENABLE_DEBUG_INFO = NO;
				MTL_FAST_MATH = YES;
				SDKROOT = macosx;
			};
			name = Release;
		};
		40CA9362262A9B3E00015E44 /* Debug */ = {
			isa = XCBuildConfiguration;
			buildSettings = {
				CODE_SIGN_STYLE = Automatic;
				PRODUCT_NAME = "$(TARGET_NAME)";
			};
			name = Debug;
		};
		40CA9363262A9B3E00015E44 /* Release */ = {
			isa = XCBuildConfiguration;
			buildSettings = {
				CODE_SIGN_STYLE = Automatic;
				PRODUCT_NAME = "$(TARGET_NAME)";
			};
			name = Release;
		};
/* End XCBuildConfiguration section */

/* Begin XCConfigurationList section */
		40CA9355262A9B3E00015E44 /* Build configuration list for PBXProject "24783_mesh" */ = {
			isa = XCConfigurationList;
			buildConfigurations = (
				40CA935F262A9B3E00015E44 /* Debug */,
				40CA9360262A9B3E00015E44 /* Release */,
			);
			defaultConfigurationIsVisible = 0;
			defaultConfigurationName = Release;
		};
		40CA9361262A9B3E00015E44 /* Build configuration list for PBXNativeTarget "24783_mesh" */ = {
			isa = XCConfigurationList;
			buildConfigurations = (
				40CA9362262A9B3E00015E44 /* Debug */,
				40CA9363262A9B3E00015E44 /* Release */,
			);
			defaultConfigurationIsVisible = 0;
			defaultConfigurationName = Release;
		};
/* End XCConfigurationList section */
	};
	rootObject = 40CA9352262A9B3E00015E44 /* Project object */;
}
